
Microsoft Visual Studio Solution File, Format Version 12.00
# Visual Studio Version 17
VisualStudioVersion = 17.4.33213.308
MinimumVisualStudioVersion = 10.0.40219.1
Project("{FAE04EC0-301F-11D3-BF4B-00C04F79EFBC}") = "OrderSystem", "OrderSystem\OrderSystem.csproj", "{53754F46-6D3B-4893-B852-53F2951E2A58}"
EndProject
Global
	GlobalSection(SolutionConfigurationPlatforms) = preSolution
		Debug|Any CPU = Debug|Any CPU
		Release|Any CPU = Release|Any CPU
	EndGlobalSection
	GlobalSection(ProjectConfigurationPlatforms) = postSolution
		{53754F46-6D3B-4893-B852-53F2951E2A58}.Debug|Any CPU.ActiveCfg = Debug|Any CPU
		{53754F46-6D3B-4893-B852-53F2951E2A58}.Debug|Any CPU.Build.0 = Debug|Any CPU
		{53754F46-6D3B-4893-B852-53F2951E2A58}.Release|Any CPU.ActiveCfg = Release|Any CPU
		{53754F46-6D3B-4893-B852-53F2951E2A58}.Release|Any CPU.Build.0 = Release|Any CPU
	EndGlobalSection
	GlobalSection(SolutionProperties) = preSolution
		HideSolutionNode = FALSE
	EndGlobalSection
	GlobalSection(ExtensibilityGlobals) = postSolution
		SolutionGuid = {746F507B-CCD2-4F23-994D-6263FD9B4C23}
	EndGlobalSection
EndGlobal
